
Microsoft Visual Studio Solution File, Format Version 12.00
# Visual Studio 15
VisualStudioVersion = 15.0.27428.2037
MinimumVisualStudioVersion = 10.0.40219.1
Project("{FAE04EC0-301F-11D3-BF4B-00C04F79EFBC}") = "KSR2", "KSR2\KSR2.csproj", "{1981DE6F-CCC4-4AD1-A494-29A8190D6C51}"
EndProject
Global
	GlobalSection(SolutionConfigurationPlatforms) = preSolution
		Debug|Any CPU = Debug|Any CPU
		Release|Any CPU = Release|Any CPU
	EndGlobalSection
	GlobalSection(ProjectConfigurationPlatforms) = postSolution
		{1981DE6F-CCC4-4AD1-A494-29A8190D6C51}.Debug|Any CPU.ActiveCfg = Debug|Any CPU
		{1981DE6F-CCC4-4AD1-A494-29A8190D6C51}.Debug|Any CPU.Build.0 = Debug|Any CPU
		{1981DE6F-CCC4-4AD1-A494-29A8190D6C51}.Release|Any CPU.ActiveCfg = Release|Any CPU
		{1981DE6F-CCC4-4AD1-A494-29A8190D6C51}.Release|Any CPU.Build.0 = Release|Any CPU
	EndGlobalSection
	GlobalSection(SolutionProperties) = preSolution
		HideSolutionNode = FALSE
	EndGlobalSection
	GlobalSection(ExtensibilityGlobals) = postSolution
		SolutionGuid = {032AD206-2CB9-46BC-9CDC-CF2507E1EAC7}
	EndGlobalSection
EndGlobal
